<?xml version="1.0" encoding="utf-8"?>
<Project ToolsVersion="4.0" xmlns="http://schemas.microsoft.com/developer/msbuild/2003">
  <ItemGroup>
    <ClCompile Include="flowcontrol\delay.cpp">
      <Filter>lemon\flowcontrol</Filter>
    </ClCompile>
    <ClCompile Include="flowcontrol\repeat.cpp">
      <Filter>lemon\flowcontrol</Filter>
    </ClCompile>
    <ClCompile Include="flowcontrol\signal.cpp">
      <Filter>lemon\flowcontrol</Filter>
    </ClCompile>
    <ClCompile Include="microthread\win32\coroutine_win32.cpp">
      <Filter>lemon\microthread\win32</Filter>
    </ClCompile>
    <ClCompile Include="dispatcher\dispatcher.cpp">
      <Filter>lemon\dispatcher</Filter>
    </ClCompile>
    <ClCompile Include="microthread\win32\microthread_win32.cpp">
      <Filter>lemon\microthread\win32</Filter>
    </ClCompile>
    <ClCompile Include="multithread\pool.cpp">
      <Filter>lemon\multithread</Filter>
    </ClCompile>
    <ClCompile Include="time\win32\time.cpp">
      <Filter>lemon\time</Filter>
    </ClCompile>
    <ClCompile Include="microthread\task.cpp">
      <Filter>lemon\microthread</Filter>
    </ClCompile>
    <ClCompile Include="stdafx.cpp" />
    <ClCompile Include="lemon.cpp" />
    <ClCompile Include="multithread\win32\concurrent_queue_win32.cpp">
      <Filter>lemon\multithread\win32</Filter>
    </ClCompile>
    <ClCompile Include="profiler\profiler.cpp">
      <Filter>lemon\profiler</Filter>
    </ClCompile>
    <ClCompile Include="profiler\counter.cpp">
      <Filter>lemon\profiler</Filter>
    </ClCompile>
    <ClCompile Include="multithread\task.cpp">
      <Filter>lemon\multithread</Filter>
    </ClCompile>
  </ItemGroup>
  <ItemGroup>
    <ClInclude Include="lemon.h">
      <Filter>lemon</Filter>
    </ClInclude>
    <ClInclude Include="plaftorm.h">
      <Filter>lemon</Filter>
    </ClInclude>
    <ClInclude Include="flowcontrol\delay.h">
      <Filter>lemon\flowcontrol</Filter>
    </ClInclude>
    <ClInclude Include="flowcontrol\repeat.h">
      <Filter>lemon\flowcontrol</Filter>
    </ClInclude>
    <ClInclude Include="flowcontrol\signal.h">
      <Filter>lemon\flowcontrol</Filter>
    </ClInclude>
    <ClInclude Include="microthread\win32\coroutine_win32.h">
      <Filter>lemon\microthread\win32</Filter>
    </ClInclude>
    <ClInclude Include="dispatcher\dispatcher.h">
      <Filter>lemon\dispatcher</Filter>
    </ClInclude>
    <ClInclude Include="dispatcher\dispatcher_intern.h">
      <Filter>lemon\dispatcher</Filter>
    </ClInclude>
    <ClInclude Include="microthread\microthread.h">
      <Filter>lemon\microthread</Filter>
    </ClInclude>
    <ClInclude Include="multithread\pool.h">
      <Filter>lemon\multithread</Filter>
    </ClInclude>
    <ClInclude Include="time\time.h">
      <Filter>lemon\time</Filter>
    </ClInclude>
    <ClInclude Include="time\units.h">
      <Filter>lemon\time</Filter>
    </ClInclude>
    <ClInclude Include="microthread\task.h">
      <Filter>lemon\microthread</Filter>
    </ClInclude>
    <ClInclude Include="stdafx.h" />
    <ClInclude Include="targetver.h" />
    <ClInclude Include="multithread\win32\concurrent_queue_win32.h">
      <Filter>lemon\multithread\win32</Filter>
    </ClInclude>
    <ClInclude Include="profiler\profiler.h">
      <Filter>lemon\profiler</Filter>
    </ClInclude>
    <ClInclude Include="profiler\profiler_intern.h">
      <Filter>lemon\profiler</Filter>
    </ClInclude>
    <ClInclude Include="multithread\task.h">
      <Filter>lemon\multithread</Filter>
    </ClInclude>
    <ClInclude Include="microthread\handle.h">
      <Filter>lemon\microthread</Filter>
    </ClInclude>
  </ItemGroup>
  <ItemGroup>
    <Filter Include="lemon">
      <UniqueIdentifier>{7f959139-4f04-4038-bb5a-10c630ca7ca5}</UniqueIdentifier>
    </Filter>
    <Filter Include="lemon\flowcontrol">
      <UniqueIdentifier>{f0d1951d-7f07-42a6-9866-17c4a652a461}</UniqueIdentifier>
    </Filter>
    <Filter Include="lemon\multithread">
      <UniqueIdentifier>{45590b08-80a4-49a1-8b37-456788e9b916}</UniqueIdentifier>
    </Filter>
    <Filter Include="lemon\multithread\win32">
      <UniqueIdentifier>{e52da4de-7534-4656-8311-51eb428b3a0c}</UniqueIdentifier>
    </Filter>
    <Filter Include="lemon\microthread">
      <UniqueIdentifier>{ac0a856c-53a5-4e58-9299-1cd85a680dbd}</UniqueIdentifier>
    </Filter>
    <Filter Include="lemon\microthread\win32">
      <UniqueIdentifier>{cbfd30c4-e6e3-4ae2-897c-1d29797f5a06}</UniqueIdentifier>
    </Filter>
    <Filter Include="lemon\dispatcher">
      <UniqueIdentifier>{d216fe43-617a-45ae-b5b3-04bcd684138a}</UniqueIdentifier>
    </Filter>
    <Filter Include="lemon\time">
      <UniqueIdentifier>{d8284e95-ce91-4262-b449-caa795b701e8}</UniqueIdentifier>
    </Filter>
    <Filter Include="lemon\profiler">
      <UniqueIdentifier>{8be862fb-f8c8-4643-88cc-35057d188ba3}</UniqueIdentifier>
    </Filter>
  </ItemGroup>
</Project>